
Microsoft Visual Studio Solution File, Format Version 12.00
# Visual Studio Version 16
VisualStudioVersion = 16.0.29905.134
MinimumVisualStudioVersion = 10.0.40219.1
Project("{FAE04EC0-301F-11D3-BF4B-00C04F79EFBC}") = "myLibrary", "myLibrary\myLibrary.csproj", "{A13669ED-1DCD-4DA1-920F-9BBCBAE76FFF}"
EndProject
Global
	GlobalSection(SolutionConfigurationPlatforms) = preSolution
		Debug|Any CPU = Debug|Any CPU
		Release|Any CPU = Release|Any CPU
	EndGlobalSection
	GlobalSection(ProjectConfigurationPlatforms) = postSolution
		{A13669ED-1DCD-4DA1-920F-9BBCBAE76FFF}.Debug|Any CPU.ActiveCfg = Debug|Any CPU
		{A13669ED-1DCD-4DA1-920F-9BBCBAE76FFF}.Debug|Any CPU.Build.0 = Debug|Any CPU
		{A13669ED-1DCD-4DA1-920F-9BBCBAE76FFF}.Release|Any CPU.ActiveCfg = Release|Any CPU
		{A13669ED-1DCD-4DA1-920F-9BBCBAE76FFF}.Release|Any CPU.Build.0 = Release|Any CPU
	EndGlobalSection
	GlobalSection(SolutionProperties) = preSolution
		HideSolutionNode = FALSE
	EndGlobalSection
	GlobalSection(ExtensibilityGlobals) = postSolution
		SolutionGuid = {CD52CB26-EE16-43BC-A0BB-CC418A3304F8}
	EndGlobalSection
EndGlobal
